
Microsoft Visual Studio Solution File, Format Version 12.00
Project("{FAE04EC0-301F-11D3-BF4B-00C04F79EFBC}") = "SistemaLoja", "SistemaLoja.csproj", "{B2803C3F-17EB-47D3-A396-75D46651919D}"
EndProject
Global
	GlobalSection(SolutionConfigurationPlatforms) = preSolution
		Debug|Any CPU = Debug|Any CPU
		Release|Any CPU = Release|Any CPU
	EndGlobalSection
	GlobalSection(ProjectConfigurationPlatforms) = postSolution
		{B2803C3F-17EB-47D3-A396-75D46651919D}.Debug|Any CPU.ActiveCfg = Debug|Any CPU
		{B2803C3F-17EB-47D3-A396-75D46651919D}.Debug|Any CPU.Build.0 = Debug|Any CPU
		{B2803C3F-17EB-47D3-A396-75D46651919D}.Release|Any CPU.ActiveCfg = Release|Any CPU
		{B2803C3F-17EB-47D3-A396-75D46651919D}.Release|Any CPU.Build.0 = Release|Any CPU
	EndGlobalSection
EndGlobal
