
Microsoft Visual Studio Solution File, Format Version 12.00
Project("{FAE04EC0-301F-11D3-BF4B-00C04F79EFBC}") = "SistemaAcademico", "SistemaAcademico.csproj", "{E6058F15-4ADC-4ADB-8544-D90A46FAD16A}"
EndProject
Global
	GlobalSection(SolutionConfigurationPlatforms) = preSolution
		Debug|Any CPU = Debug|Any CPU
		Release|Any CPU = Release|Any CPU
	EndGlobalSection
	GlobalSection(ProjectConfigurationPlatforms) = postSolution
		{E6058F15-4ADC-4ADB-8544-D90A46FAD16A}.Debug|Any CPU.ActiveCfg = Debug|Any CPU
		{E6058F15-4ADC-4ADB-8544-D90A46FAD16A}.Debug|Any CPU.Build.0 = Debug|Any CPU
		{E6058F15-4ADC-4ADB-8544-D90A46FAD16A}.Release|Any CPU.ActiveCfg = Release|Any CPU
		{E6058F15-4ADC-4ADB-8544-D90A46FAD16A}.Release|Any CPU.Build.0 = Release|Any CPU
	EndGlobalSection
EndGlobal
